
Microsoft Visual Studio Solution File, Format Version 11.00
# Visual C# Express 2010
Project("{FAE04EC0-301F-11D3-BF4B-00C04F79EFBC}") = "Arrays.cs", "Arrays.cs\Arrays.cs.csproj", "{D1A9E0BA-F310-4C7E-ACED-810DD3E76C94}"
EndProject
Project("{FAE04EC0-301F-11D3-BF4B-00C04F79EFBC}") = "CheckZips.cs", "CheckZips.cs\CheckZips.cs.csproj", "{B7893C77-B25E-4AEB-8184-097CE1330867}"
EndProject
Project("{FAE04EC0-301F-11D3-BF4B-00C04F79EFBC}") = "DeliveryCharge.cs", "DeliveryCharge.cs\DeliveryCharge.cs.csproj", "{24AD5577-5F76-4648-8091-E5444B7C9D79}"
EndProject
Project("{FAE04EC0-301F-11D3-BF4B-00C04F79EFBC}") = "ChatAWhile.cs", "ChatAWhile.cs\ChatAWhile.cs.csproj", "{B4CA68B5-B415-461C-864C-B8D62C65DE83}"
EndProject
Global
	GlobalSection(SolutionConfigurationPlatforms) = preSolution
		Debug|x86 = Debug|x86
		Release|x86 = Release|x86
	EndGlobalSection
	GlobalSection(ProjectConfigurationPlatforms) = postSolution
		{D1A9E0BA-F310-4C7E-ACED-810DD3E76C94}.Debug|x86.ActiveCfg = Debug|x86
		{D1A9E0BA-F310-4C7E-ACED-810DD3E76C94}.Debug|x86.Build.0 = Debug|x86
		{D1A9E0BA-F310-4C7E-ACED-810DD3E76C94}.Release|x86.ActiveCfg = Release|x86
		{D1A9E0BA-F310-4C7E-ACED-810DD3E76C94}.Release|x86.Build.0 = Release|x86
		{B7893C77-B25E-4AEB-8184-097CE1330867}.Debug|x86.ActiveCfg = Debug|x86
		{B7893C77-B25E-4AEB-8184-097CE1330867}.Debug|x86.Build.0 = Debug|x86
		{B7893C77-B25E-4AEB-8184-097CE1330867}.Release|x86.ActiveCfg = Release|x86
		{B7893C77-B25E-4AEB-8184-097CE1330867}.Release|x86.Build.0 = Release|x86
		{24AD5577-5F76-4648-8091-E5444B7C9D79}.Debug|x86.ActiveCfg = Debug|x86
		{24AD5577-5F76-4648-8091-E5444B7C9D79}.Debug|x86.Build.0 = Debug|x86
		{24AD5577-5F76-4648-8091-E5444B7C9D79}.Release|x86.ActiveCfg = Release|x86
		{24AD5577-5F76-4648-8091-E5444B7C9D79}.Release|x86.Build.0 = Release|x86
		{B4CA68B5-B415-461C-864C-B8D62C65DE83}.Debug|x86.ActiveCfg = Debug|x86
		{B4CA68B5-B415-461C-864C-B8D62C65DE83}.Debug|x86.Build.0 = Debug|x86
		{B4CA68B5-B415-461C-864C-B8D62C65DE83}.Release|x86.ActiveCfg = Release|x86
		{B4CA68B5-B415-461C-864C-B8D62C65DE83}.Release|x86.Build.0 = Release|x86
	EndGlobalSection
	GlobalSection(SolutionProperties) = preSolution
		HideSolutionNode = FALSE
	EndGlobalSection
EndGlobal
